// !$*UTF8*$!
{
	archiveVersion = 1;
	classes = {
	};
	objectVersion = 56;
	objects = {

/* Begin PBXBuildFile section */
		031F4A922C4F8F710023CD5E /* LocationsListView.swift in Sources */ = {isa = PBXBuildFile; fileRef = 031F4A912C4F8F710023CD5E /* LocationsListView.swift */; };
		031F4A942C4FA3EC0023CD5E /* LocationPreviewView.swift in Sources */ = {isa = PBXBuildFile; fileRef = 031F4A932C4FA3EC0023CD5E /* LocationPreviewView.swift */; };
		031F4A962C4FED680023CD5E /* LocationMapAnnotationView.swift in Sources */ = {isa = PBXBuildFile; fileRef = 031F4A952C4FED680023CD5E /* LocationMapAnnotationView.swift */; };
		031F4A982C50F6390023CD5E /* LocationDetailView.swift in Sources */ = {isa = PBXBuildFile; fileRef = 031F4A972C50F6390023CD5E /* LocationDetailView.swift */; };
		03B1BBB12C4956E600B34A5E /* MappyApp.swift in Sources */ = {isa = PBXBuildFile; fileRef = 03B1BBB02C4956E600B34A5E /* MappyApp.swift */; };
		03B1BBB32C4956E600B34A5E /* ContentView.swift in Sources */ = {isa = PBXBuildFile; fileRef = 03B1BBB22C4956E600B34A5E /* ContentView.swift */; };
		03B1BBB82C4956E700B34A5E /* Preview Assets.xcassets in Resources */ = {isa = PBXBuildFile; fileRef = 03B1BBB72C4956E700B34A5E /* Preview Assets.xcassets */; };
		03B1BBBF2C4957F300B34A5E /* Assets.xcassets in Resources */ = {isa = PBXBuildFile; fileRef = 03B1BBBE2C4957F300B34A5E /* Assets.xcassets */; };
		03B1BBC42C495A6700B34A5E /* Location.swift in Sources */ = {isa = PBXBuildFile; fileRef = 03B1BBC32C495A6700B34A5E /* Location.swift */; };
		03B1BBC72C495C0A00B34A5E /* LocationsDataService.swift in Sources */ = {isa = PBXBuildFile; fileRef = 03B1BBC62C495C0A00B34A5E /* LocationsDataService.swift */; };
		03B1BBC92C49615400B34A5E /* LocationView.swift in Sources */ = {isa = PBXBuildFile; fileRef = 03B1BBC82C49615400B34A5E /* LocationView.swift */; };
		03B1BBCB2C4965C800B34A5E /* LocationsViewModel.swift in Sources */ = {isa = PBXBuildFile; fileRef = 03B1BBCA2C4965C800B34A5E /* LocationsViewModel.swift */; };
/* End PBXBuildFile section */

/* Begin PBXFileReference section */
		031F4A912C4F8F710023CD5E /* LocationsListView.swift */ = {isa = PBXFileReference; lastKnownFileType = sourcecode.swift; path = LocationsListView.swift; sourceTree = "<group>"; };
		031F4A932C4FA3EC0023CD5E /* LocationPreviewView.swift */ = {isa = PBXFileReference; lastKnownFileType = sourcecode.swift; path = LocationPreviewView.swift; sourceTree = "<group>"; };
		031F4A952C4FED680023CD5E /* LocationMapAnnotationView.swift */ = {isa = PBXFileReference; lastKnownFileType = sourcecode.swift; path = LocationMapAnnotationView.swift; sourceTree = "<group>"; };
		031F4A972C50F6390023CD5E /* LocationDetailView.swift */ = {isa = PBXFileReference; lastKnownFileType = sourcecode.swift; path = LocationDetailView.swift; sourceTree = "<group>"; };
		03B1BBAD2C4956E600B34A5E /* Mappy.app */ = {isa = PBXFileReference; explicitFileType = wrapper.application; includeInIndex = 0; path = Mappy.app; sourceTree = BUILT_PRODUCTS_DIR; };
		03B1BBB02C4956E600B34A5E /* MappyApp.swift */ = {isa = PBXFileReference; lastKnownFileType = sourcecode.swift; path = MappyApp.swift; sourceTree = "<group>"; };
		03B1BBB22C4956E600B34A5E /* ContentView.swift */ = {isa = PBXFileReference; lastKnownFileType = sourcecode.swift; path = ContentView.swift; sourceTree = "<group>"; };
		03B1BBB72C4956E700B34A5E /* Preview Assets.xcassets */ = {isa = PBXFileReference; lastKnownFileType = folder.assetcatalog; path = "Preview Assets.xcassets"; sourceTree = "<group>"; };
		03B1BBBE2C4957F300B34A5E /* Assets.xcassets */ = {isa = PBXFileReference; lastKnownFileType = folder.assetcatalog; path = Assets.xcassets; sourceTree = "<group>"; };
		03B1BBC32C495A6700B34A5E /* Location.swift */ = {isa = PBXFileReference; lastKnownFileType = sourcecode.swift; path = Location.swift; sourceTree = "<group>"; };
		03B1BBC62C495C0A00B34A5E /* LocationsDataService.swift */ = {isa = PBXFileReference; fileEncoding = 4; lastKnownFileType = sourcecode.swift; path = LocationsDataService.swift; sourceTree = "<group>"; };
		03B1BBC82C49615400B34A5E /* LocationView.swift */ = {isa = PBXFileReference; lastKnownFileType = sourcecode.swift; path = LocationView.swift; sourceTree = "<group>"; };
		03B1BBCA2C4965C800B34A5E /* LocationsViewModel.swift */ = {isa = PBXFileReference; lastKnownFileType = sourcecode.swift; path = LocationsViewModel.swift; sourceTree = "<group>"; };
		03D617AB2C525AA200F3DB40 /* Info.plist */ = {isa = PBXFileReference; lastKnownFileType = text.plist; path = Info.plist; sourceTree = "<group>"; };
/* End PBXFileReference section */

/* Begin PBXFrameworksBuildPhase section */
		03B1BBAA2C4956E600B34A5E /* Frameworks */ = {
			isa = PBXFrameworksBuildPhase;
			buildActionMask = 2147483647;
			files = (
			);
			runOnlyForDeploymentPostprocessing = 0;
		};
/* End PBXFrameworksBuildPhase section */

/* Begin PBXGroup section */
		03B1BBA42C4956E600B34A5E = {
			isa = PBXGroup;
			children = (
				03B1BBAF2C4956E600B34A5E /* Mappy */,
				03B1BBAE2C4956E600B34A5E /* Products */,
			);
			sourceTree = "<group>";
		};
		03B1BBAE2C4956E600B34A5E /* Products */ = {
			isa = PBXGroup;
			children = (
				03B1BBAD2C4956E600B34A5E /* Mappy.app */,
			);
			name = Products;
			sourceTree = "<group>";
		};
		03B1BBAF2C4956E600B34A5E /* Mappy */ = {
			isa = PBXGroup;
			children = (
				03D617AB2C525AA200F3DB40 /* Info.plist */,
				03B1BBB02C4956E600B34A5E /* MappyApp.swift */,
				03B1BBB22C4956E600B34A5E /* ContentView.swift */,
				03B1BBC52C495BA900B34A5E /* DataServices */,
				03B1BBC22C495A1000B34A5E /* ViewModels */,
				03B1BBC12C4959F400B34A5E /* Views */,
				03B1BBC02C4959ED00B34A5E /* Models */,
				03B1BBBE2C4957F300B34A5E /* Assets.xcassets */,
				03B1BBB62C4956E700B34A5E /* Preview Content */,
			);
			path = Mappy;
			sourceTree = "<group>";
		};
		03B1BBB62C4956E700B34A5E /* Preview Content */ = {
			isa = PBXGroup;
			children = (
				03B1BBB72C4956E700B34A5E /* Preview Assets.xcassets */,
			);
			path = "Preview Content";
			sourceTree = "<group>";
		};
		03B1BBC02C4959ED00B34A5E /* Models */ = {
			isa = PBXGroup;
			children = (
				03B1BBC32C495A6700B34A5E /* Location.swift */,
			);
			path = Models;
			sourceTree = "<group>";
		};
		03B1BBC12C4959F400B34A5E /* Views */ = {
			isa = PBXGroup;
			children = (
				03B1BBC82C49615400B34A5E /* LocationView.swift */,
				031F4A912C4F8F710023CD5E /* LocationsListView.swift */,
				031F4A932C4FA3EC0023CD5E /* LocationPreviewView.swift */,
				031F4A952C4FED680023CD5E /* LocationMapAnnotationView.swift */,
				031F4A972C50F6390023CD5E /* LocationDetailView.swift */,
			);
			path = Views;
			sourceTree = "<group>";
		};
		03B1BBC22C495A1000B34A5E /* ViewModels */ = {
			isa = PBXGroup;
			children = (
				03B1BBCA2C4965C800B34A5E /* LocationsViewModel.swift */,
			);
			path = ViewModels;
			sourceTree = "<group>";
		};
		03B1BBC52C495BA900B34A5E /* DataServices */ = {
			isa = PBXGroup;
			children = (
				03B1BBC62C495C0A00B34A5E /* LocationsDataService.swift */,
			);
			path = DataServices;
			sourceTree = "<group>";
		};
/* End PBXGroup section */

/* Begin PBXNativeTarget section */
		03B1BBAC2C4956E600B34A5E /* Mappy */ = {
			isa = PBXNativeTarget;
			buildConfigurationList = 03B1BBBB2C4956E700B34A5E /* Build configuration list for PBXNativeTarget "Mappy" */;
			buildPhases = (
				03B1BBA92C4956E600B34A5E /* Sources */,
				03B1BBAA2C4956E600B34A5E /* Frameworks */,
				03B1BBAB2C4956E600B34A5E /* Resources */,
			);
			buildRules = (
			);
			dependencies = (
			);
			name = Mappy;
			productName = Mappy;
			productReference = 03B1BBAD2C4956E600B34A5E /* Mappy.app */;
			productType = "com.apple.product-type.application";
		};
/* End PBXNativeTarget section */

/* Begin PBXProject section */
		03B1BBA52C4956E600B34A5E /* Project object */ = {
			isa = PBXProject;
			attributes = {
				BuildIndependentTargetsInParallel = 1;
				LastSwiftUpdateCheck = 1540;
				LastUpgradeCheck = 1540;
				TargetAttributes = {
					03B1BBAC2C4956E600B34A5E = {
						CreatedOnToolsVersion = 15.4;
					};
				};
			};
			buildConfigurationList = 03B1BBA82C4956E600B34A5E /* Build configuration list for PBXProject "Mappy" */;
			compatibilityVersion = "Xcode 14.0";
			developmentRegion = en;
			hasScannedForEncodings = 0;
			knownRegions = (
				en,
				Base,
			);
			mainGroup = 03B1BBA42C4956E600B34A5E;
			productRefGroup = 03B1BBAE2C4956E600B34A5E /* Products */;
			projectDirPath = "";
			projectRoot = "";
			targets = (
				03B1BBAC2C4956E600B34A5E /* Mappy */,
			);
		};
/* End PBXProject section */

/* Begin PBXResourcesBuildPhase section */
		03B1BBAB2C4956E600B34A5E /* Resources */ = {
			isa = PBXResourcesBuildPhase;
			buildActionMask = 2147483647;
			files = (
				03B1BBBF2C4957F300B34A5E /* Assets.xcassets in Resources */,
				03B1BBB82C4956E700B34A5E /* Preview Assets.xcassets in Resources */,
			);
			runOnlyForDeploymentPostprocessing = 0;
		};
/* End PBXResourcesBuildPhase section */

/* Begin PBXSourcesBuildPhase section */
		03B1BBA92C4956E600B34A5E /* Sources */ = {
			isa = PBXSourcesBuildPhase;
			buildActionMask = 2147483647;
			files = (
				03B1BBC72C495C0A00B34A5E /* LocationsDataService.swift in Sources */,
				031F4A962C4FED680023CD5E /* LocationMapAnnotationView.swift in Sources */,
				031F4A922C4F8F710023CD5E /* LocationsListView.swift in Sources */,
				031F4A942C4FA3EC0023CD5E /* LocationPreviewView.swift in Sources */,
				03B1BBCB2C4965C800B34A5E /* LocationsViewModel.swift in Sources */,
				03B1BBB32C4956E600B34A5E /* ContentView.swift in Sources */,
				03B1BBC92C49615400B34A5E /* LocationView.swift in Sources */,
				03B1BBC42C495A6700B34A5E /* Location.swift in Sources */,
				031F4A982C50F6390023CD5E /* LocationDetailView.swift in Sources */,
				03B1BBB12C4956E600B34A5E /* MappyApp.swift in Sources */,
			);
			runOnlyForDeploymentPostprocessing = 0;
		};
/* End PBXSourcesBuildPhase section */

/* Begin XCBuildConfiguration section */
		03B1BBB92C4956E700B34A5E /* Debug */ = {
			isa = XCBuildConfiguration;
			buildSettings = {
				ALWAYS_SEARCH_USER_PATHS = NO;
				ASSETCATALOG_COMPILER_GENERATE_SWIFT_ASSET_SYMBOL_EXTENSIONS = YES;
				CLANG_ANALYZER_NONNULL = YES;
				CLANG_ANALYZER_NUMBER_OBJECT_CONVERSION = YES_AGGRESSIVE;
				CLANG_CXX_LANGUAGE_STANDARD = "gnu++20";
				CLANG_ENABLE_MODULES = YES;
				CLANG_ENABLE_OBJC_ARC = YES;
				CLANG_ENABLE_OBJC_WEAK = YES;
				CLANG_WARN_BLOCK_CAPTURE_AUTORELEASING = YES;
				CLANG_WARN_BOOL_CONVERSION = YES;
				CLANG_WARN_COMMA = YES;
				CLANG_WARN_CONSTANT_CONVERSION = YES;
				CLANG_WARN_DEPRECATED_OBJC_IMPLEMENTATIONS = YES;
				CLANG_WARN_DIRECT_OBJC_ISA_USAGE = YES_ERROR;
				CLANG_WARN_DOCUMENTATION_COMMENTS = YES;
				CLANG_WARN_EMPTY_BODY = YES;
				CLANG_WARN_ENUM_CONVERSION = YES;
				CLANG_WARN_INFINITE_RECURSION = YES;
				CLANG_WARN_INT_CONVERSION = YES;
				CLANG_WARN_NON_LITERAL_NULL_CONVERSION = YES;
				CLANG_WARN_OBJC_IMPLICIT_RETAIN_SELF = YES;
				CLANG_WARN_OBJC_LITERAL_CONVERSION = YES;
				CLANG_WARN_OBJC_ROOT_CLASS = YES_ERROR;
				CLANG_WARN_QUOTED_INCLUDE_IN_FRAMEWORK_HEADER = YES;
				CLANG_WARN_RANGE_LOOP_ANALYSIS = YES;
				CLANG_WARN_STRICT_PROTOTYPES = YES;
				CLANG_WARN_SUSPICIOUS_MOVE = YES;
				CLANG_WARN_UNGUARDED_AVAILABILITY = YES_AGGRESSIVE;
				CLANG_WARN_UNREACHABLE_CODE = YES;
				CLANG_WARN__DUPLICATE_METHOD_MATCH = YES;
				COPY_PHASE_STRIP = NO;
				DEBUG_INFORMATION_FORMAT = dwarf;
				ENABLE_STRICT_OBJC_MSGSEND = YES;
				ENABLE_TESTABILITY = YES;
				ENABLE_USER_SCRIPT_SANDBOXING = YES;
				GCC_C_LANGUAGE_STANDARD = gnu17;
				GCC_DYNAMIC_NO_PIC = NO;
				GCC_NO_COMMON_BLOCKS = YES;
				GCC_OPTIMIZATION_LEVEL = 0;
				GCC_PREPROCESSOR_DEFINITIONS = (
					"DEBUG=1",
					"$(inherited)",
				);
				GCC_WARN_64_TO_32_BIT_CONVERSION = YES;
				GCC_WARN_ABOUT_RETURN_TYPE = YES_ERROR;
				GCC_WARN_UNDECLARED_SELECTOR = YES;
				GCC_WARN_UNINITIALIZED_AUTOS = YES_AGGRESSIVE;
				GCC_WARN_UNUSED_FUNCTION = YES;
				GCC_WARN_UNUSED_VARIABLE = YES;
				IPHONEOS_DEPLOYMENT_TARGET = 17.5;
				LOCALIZATION_PREFERS_STRING_CATALOGS = YES;
				MTL_ENABLE_DEBUG_INFO = INCLUDE_SOURCE;
				MTL_FAST_MATH = YES;
				ONLY_ACTIVE_ARCH = YES;
				SDKROOT = iphoneos;
				SWIFT_ACTIVE_COMPILATION_CONDITIONS = "DEBUG $(inherited)";
				SWIFT_OPTIMIZATION_LEVEL = "-Onone";
			};
			name = Debug;
		};
		03B1BBBA2C4956E700B34A5E /* Release */ = {
			isa = XCBuildConfiguration;
			buildSettings = {
				ALWAYS_SEARCH_USER_PATHS = NO;
				ASSETCATALOG_COMPILER_GENERATE_SWIFT_ASSET_SYMBOL_EXTENSIONS = YES;
				CLANG_ANALYZER_NONNULL = YES;
				CLANG_ANALYZER_NUMBER_OBJECT_CONVERSION = YES_AGGRESSIVE;
				CLANG_CXX_LANGUAGE_STANDARD = "gnu++20";
				CLANG_ENABLE_MODULES = YES;
				CLANG_ENABLE_OBJC_ARC = YES;
				CLANG_ENABLE_OBJC_WEAK = YES;
				CLANG_WARN_BLOCK_CAPTURE_AUTORELEASING = YES;
				CLANG_WARN_BOOL_CONVERSION = YES;
				CLANG_WARN_COMMA = YES;
				CLANG_WARN_CONSTANT_CONVERSION = YES;
				CLANG_WARN_DEPRECATED_OBJC_IMPLEMENTATIONS = YES;
				CLANG_WARN_DIRECT_OBJC_ISA_USAGE = YES_ERROR;
				CLANG_WARN_DOCUMENTATION_COMMENTS = YES;
				CLANG_WARN_EMPTY_BODY = YES;
				CLANG_WARN_ENUM_CONVERSION = YES;
				CLANG_WARN_INFINITE_RECURSION = YES;
				CLANG_WARN_INT_CONVERSION = YES;
				CLANG_WARN_NON_LITERAL_NULL_CONVERSION = YES;
				CLANG_WARN_OBJC_IMPLICIT_RETAIN_SELF = YES;
				CLANG_WARN_OBJC_LITERAL_CONVERSION = YES;
				CLANG_WARN_OBJC_ROOT_CLASS = YES_ERROR;
				CLANG_WARN_QUOTED_INCLUDE_IN_FRAMEWORK_HEADER = YES;
				CLANG_WARN_RANGE_LOOP_ANALYSIS = YES;
				CLANG_WARN_STRICT_PROTOTYPES = YES;
				CLANG_WARN_SUSPICIOUS_MOVE = YES;
				CLANG_WARN_UNGUARDED_AVAILABILITY = YES_AGGRESSIVE;
				CLANG_WARN_UNREACHABLE_CODE = YES;
				CLANG_WARN__DUPLICATE_METHOD_MATCH = YES;
				COPY_PHASE_STRIP = NO;
				DEBUG_INFORMATION_FORMAT = "dwarf-with-dsym";
				ENABLE_NS_ASSERTIONS = NO;
				ENABLE_STRICT_OBJC_MSGSEND = YES;
				ENABLE_USER_SCRIPT_SANDBOXING = YES;
				GCC_C_LANGUAGE_STANDARD = gnu17;
				GCC_NO_COMMON_BLOCKS = YES;
				GCC_WARN_64_TO_32_BIT_CONVERSION = YES;
				GCC_WARN_ABOUT_RETURN_TYPE = YES_ERROR;
				GCC_WARN_UNDECLARED_SELECTOR = YES;
				GCC_WARN_UNINITIALIZED_AUTOS = YES_AGGRESSIVE;
				GCC_WARN_UNUSED_FUNCTION = YES;
				GCC_WARN_UNUSED_VARIABLE = YES;
				IPHONEOS_DEPLOYMENT_TARGET = 17.5;
				LOCALIZATION_PREFERS_STRING_CATALOGS = YES;
				MTL_ENABLE_DEBUG_INFO = NO;
				MTL_FAST_MATH = YES;
				SDKROOT = iphoneos;
				SWIFT_COMPILATION_MODE = wholemodule;
				VALIDATE_PRODUCT = YES;
			};
			name = Release;
		};
		03B1BBBC2C4956E700B34A5E /* Debug */ = {
			isa = XCBuildConfiguration;
			buildSettings = {
				ASSETCATALOG_COMPILER_APPICON_NAME = AppIcon;
				ASSETCATALOG_COMPILER_GLOBAL_ACCENT_COLOR_NAME = AccentColor;
				CODE_SIGN_STYLE = Automatic;
				CURRENT_PROJECT_VERSION = 1;
				DEVELOPMENT_ASSET_PATHS = "\"Mappy/Preview Content\"";
				DEVELOPMENT_TEAM = N49KM57BK5;
				ENABLE_PREVIEWS = YES;
				GENERATE_INFOPLIST_FILE = YES;
				INFOPLIST_FILE = Mappy/Info.plist;
				INFOPLIST_KEY_UIApplicationSceneManifest_Generation = YES;
				INFOPLIST_KEY_UIApplicationSupportsIndirectInputEvents = YES;
				INFOPLIST_KEY_UISupportedInterfaceOrientations = UIInterfaceOrientationPortrait;
				INFOPLIST_KEY_UISupportedInterfaceOrientations_iPad = "UIInterfaceOrientationLandscapeLeft UIInterfaceOrientationLandscapeRight UIInterfaceOrientationPortrait UIInterfaceOrientationPortraitUpsideDown";
				LD_RUNPATH_SEARCH_PATHS = (
					"$(inherited)",
					"@executable_path/Frameworks",
				);
				MARKETING_VERSION = 1.0;
				PRODUCT_BUNDLE_IDENTIFIER = Erik.Mappy;
				PRODUCT_NAME = "$(TARGET_NAME)";
				SWIFT_EMIT_LOC_STRINGS = YES;
				SWIFT_VERSION = 5.0;
				TARGETED_DEVICE_FAMILY = "1,2";
			};
			name = Debug;
		};
		03B1BBBD2C4956E700B34A5E /* Release */ = {
			isa = XCBuildConfiguration;
			buildSettings = {
				ASSETCATALOG_COMPILER_APPICON_NAME = AppIcon;
				ASSETCATALOG_COMPILER_GLOBAL_ACCENT_COLOR_NAME = AccentColor;
				CODE_SIGN_STYLE = Automatic;
				CURRENT_PROJECT_VERSION = 1;
				DEVELOPMENT_ASSET_PATHS = "\"Mappy/Preview Content\"";
				DEVELOPMENT_TEAM = N49KM57BK5;
				ENABLE_PREVIEWS = YES;
				GENERATE_INFOPLIST_FILE = YES;
				INFOPLIST_FILE = Mappy/Info.plist;
				INFOPLIST_KEY_UIApplicationSceneManifest_Generation = YES;
				INFOPLIST_KEY_UIApplicationSupportsIndirectInputEvents = YES;
				INFOPLIST_KEY_UISupportedInterfaceOrientations = UIInterfaceOrientationPortrait;
				INFOPLIST_KEY_UISupportedInterfaceOrientations_iPad = "UIInterfaceOrientationLandscapeLeft UIInterfaceOrientationLandscapeRight UIInterfaceOrientationPortrait UIInterfaceOrientationPortraitUpsideDown";
				LD_RUNPATH_SEARCH_PATHS = (
					"$(inherited)",
					"@executable_path/Frameworks",
				);
				MARKETING_VERSION = 1.0;
				PRODUCT_BUNDLE_IDENTIFIER = Erik.Mappy;
				PRODUCT_NAME = "$(TARGET_NAME)";
				SWIFT_EMIT_LOC_STRINGS = YES;
				SWIFT_VERSION = 5.0;
				TARGETED_DEVICE_FAMILY = "1,2";
			};
			name = Release;
		};
/* End XCBuildConfiguration section */

/* Begin XCConfigurationList section */
		03B1BBA82C4956E600B34A5E /* Build configuration list for PBXProject "Mappy" */ = {
			isa = XCConfigurationList;
			buildConfigurations = (
				03B1BBB92C4956E700B34A5E /* Debug */,
				03B1BBBA2C4956E700B34A5E /* Release */,
			);
			defaultConfigurationIsVisible = 0;
			defaultConfigurationName = Release;
		};
		03B1BBBB2C4956E700B34A5E /* Build configuration list for PBXNativeTarget "Mappy" */ = {
			isa = XCConfigurationList;
			buildConfigurations = (
				03B1BBBC2C4956E700B34A5E /* Debug */,
				03B1BBBD2C4956E700B34A5E /* Release */,
			);
			defaultConfigurationIsVisible = 0;
			defaultConfigurationName = Release;
		};
/* End XCConfigurationList section */
	};
	rootObject = 03B1BBA52C4956E600B34A5E /* Project object */;
}
